
Microsoft Visual Studio Solution File, Format Version 12.00
# Visual Studio Version 17
VisualStudioVersion = 17.5.002.0
MinimumVisualStudioVersion = 10.0.40219.1
Project("{9A19103F-16F7-4668-BE54-9A1E7A4F7556}") = "Aprendendo C#", "Aprendendo C#.csproj", "{9E75B829-8FF4-4FB1-B9F6-1F179004A162}"
EndProject
Global
	GlobalSection(SolutionConfigurationPlatforms) = preSolution
		Debug|Any CPU = Debug|Any CPU
		Release|Any CPU = Release|Any CPU
	EndGlobalSection
	GlobalSection(ProjectConfigurationPlatforms) = postSolution
		{9E75B829-8FF4-4FB1-B9F6-1F179004A162}.Debug|Any CPU.ActiveCfg = Debug|Any CPU
		{9E75B829-8FF4-4FB1-B9F6-1F179004A162}.Debug|Any CPU.Build.0 = Debug|Any CPU
		{9E75B829-8FF4-4FB1-B9F6-1F179004A162}.Release|Any CPU.ActiveCfg = Release|Any CPU
		{9E75B829-8FF4-4FB1-B9F6-1F179004A162}.Release|Any CPU.Build.0 = Release|Any CPU
	EndGlobalSection
	GlobalSection(SolutionProperties) = preSolution
		HideSolutionNode = FALSE
	EndGlobalSection
	GlobalSection(ExtensibilityGlobals) = postSolution
		SolutionGuid = {27D51BCB-BB8C-48BB-8DA8-01C6972ADF19}
	EndGlobalSection
EndGlobal
